
Microsoft Visual Studio Solution File, Format Version 12.00
# Visual Studio Version 17
VisualStudioVersion = 17.7.34202.233
MinimumVisualStudioVersion = 10.0.40219.1
Project("{FAE04EC0-301F-11D3-BF4B-00C04F79EFBC}") = "Sis_Atualizacoes", "Sis_Atualizacoes\Sis_Atualizacoes.csproj", "{AE89FD35-22CE-4990-942C-C16679FCCB7F}"
EndProject
Global
	GlobalSection(SolutionConfigurationPlatforms) = preSolution
		Debug|Any CPU = Debug|Any CPU
		Release|Any CPU = Release|Any CPU
	EndGlobalSection
	GlobalSection(ProjectConfigurationPlatforms) = postSolution
		{AE89FD35-22CE-4990-942C-C16679FCCB7F}.Debug|Any CPU.ActiveCfg = Debug|Any CPU
		{AE89FD35-22CE-4990-942C-C16679FCCB7F}.Debug|Any CPU.Build.0 = Debug|Any CPU
		{AE89FD35-22CE-4990-942C-C16679FCCB7F}.Release|Any CPU.ActiveCfg = Release|Any CPU
		{AE89FD35-22CE-4990-942C-C16679FCCB7F}.Release|Any CPU.Build.0 = Release|Any CPU
	EndGlobalSection
	GlobalSection(SolutionProperties) = preSolution
		HideSolutionNode = FALSE
	EndGlobalSection
	GlobalSection(ExtensibilityGlobals) = postSolution
		SolutionGuid = {BBF01E2E-5965-4BB5-BF48-E07F35CB3C9C}
	EndGlobalSection
EndGlobal
